// !$*UTF8*$!
{
	archiveVersion = 1;
	classes = {
	};
	objectVersion = 46;
	objects = {

/* Begin PBXBuildFile section */
		4814BDAE1DFBDA1B00C8AC5B /* AppDelegate.swift in Sources */ = {isa = PBXBuildFile; fileRef = 4814BDAD1DFBDA1B00C8AC5B /* AppDelegate.swift */; };
		4814BDB01DFBDA1B00C8AC5B /* ViewController.swift in Sources */ = {isa = PBXBuildFile; fileRef = 4814BDAF1DFBDA1B00C8AC5B /* ViewController.swift */; };
		4814BDB31DFBDA1B00C8AC5B /* Main.storyboard in Resources */ = {isa = PBXBuildFile; fileRef = 4814BDB11DFBDA1B00C8AC5B /* Main.storyboard */; };
		4814BDB51DFBDA1B00C8AC5B /* Assets.xcassets in Resources */ = {isa = PBXBuildFile; fileRef = 4814BDB41DFBDA1B00C8AC5B /* Assets.xcassets */; };
		4814BDB81DFBDA1B00C8AC5B /* LaunchScreen.storyboard in Resources */ = {isa = PBXBuildFile; fileRef = 4814BDB61DFBDA1B00C8AC5B /* LaunchScreen.storyboard */; };
		48AC192D1DFBDBCB00C9E554 /* IMG_1543.JPG in Resources */ = {isa = PBXBuildFile; fileRef = 48AC192C1DFBDBCB00C9E554 /* IMG_1543.JPG */; };
		48AC192F1DFBDC2C00C9E554 /* SBView.swift in Sources */ = {isa = PBXBuildFile; fileRef = 48AC192E1DFBDC2C00C9E554 /* SBView.swift */; };
/* End PBXBuildFile section */

/* Begin PBXFileReference section */
		4814BDAA1DFBDA1B00C8AC5B /* YSB.app */ = {isa = PBXFileReference; explicitFileType = wrapper.application; includeInIndex = 0; path = YSB.app; sourceTree = BUILT_PRODUCTS_DIR; };
		4814BDAD1DFBDA1B00C8AC5B /* AppDelegate.swift */ = {isa = PBXFileReference; lastKnownFileType = sourcecode.swift; path = AppDelegate.swift; sourceTree = "<group>"; };
		4814BDAF1DFBDA1B00C8AC5B /* ViewController.swift */ = {isa = PBXFileReference; lastKnownFileType = sourcecode.swift; path = ViewController.swift; sourceTree = "<group>"; };
		4814BDB21DFBDA1B00C8AC5B /* Base */ = {isa = PBXFileReference; lastKnownFileType = file.storyboard; name = Base; path = Base.lproj/Main.storyboard; sourceTree = "<group>"; };
		4814BDB41DFBDA1B00C8AC5B /* Assets.xcassets */ = {isa = PBXFileReference; lastKnownFileType = folder.assetcatalog; path = Assets.xcassets; sourceTree = "<group>"; };
		4814BDB71DFBDA1B00C8AC5B /* Base */ = {isa = PBXFileReference; lastKnownFileType = file.storyboard; name = Base; path = Base.lproj/LaunchScreen.storyboard; sourceTree = "<group>"; };
		4814BDB91DFBDA1B00C8AC5B /* Info.plist */ = {isa = PBXFileReference; lastKnownFileType = text.plist.xml; path = Info.plist; sourceTree = "<group>"; };
		48AC192C1DFBDBCB00C9E554 /* IMG_1543.JPG */ = {isa = PBXFileReference; lastKnownFileType = image.jpeg; path = IMG_1543.JPG; sourceTree = "<group>"; };
		48AC192E1DFBDC2C00C9E554 /* SBView.swift */ = {isa = PBXFileReference; fileEncoding = 4; lastKnownFileType = sourcecode.swift; path = SBView.swift; sourceTree = "<group>"; };
/* End PBXFileReference section */

/* Begin PBXFrameworksBuildPhase section */
		4814BDA71DFBDA1B00C8AC5B /* Frameworks */ = {
			isa = PBXFrameworksBuildPhase;
			buildActionMask = 2147483647;
			files = (
			);
			runOnlyForDeploymentPostprocessing = 0;
		};
/* End PBXFrameworksBuildPhase section */

/* Begin PBXGroup section */
		4814BDA11DFBDA1B00C8AC5B = {
			isa = PBXGroup;
			children = (
				4814BDAC1DFBDA1B00C8AC5B /* YSB */,
				4814BDAB1DFBDA1B00C8AC5B /* Products */,
			);
			sourceTree = "<group>";
		};
		4814BDAB1DFBDA1B00C8AC5B /* Products */ = {
			isa = PBXGroup;
			children = (
				4814BDAA1DFBDA1B00C8AC5B /* YSB.app */,
			);
			name = Products;
			sourceTree = "<group>";
		};
		4814BDAC1DFBDA1B00C8AC5B /* YSB */ = {
			isa = PBXGroup;
			children = (
				48AC192C1DFBDBCB00C9E554 /* IMG_1543.JPG */,
				4814BDAD1DFBDA1B00C8AC5B /* AppDelegate.swift */,
				4814BDAF1DFBDA1B00C8AC5B /* ViewController.swift */,
				48AC192E1DFBDC2C00C9E554 /* SBView.swift */,
				4814BDB11DFBDA1B00C8AC5B /* Main.storyboard */,
				4814BDB41DFBDA1B00C8AC5B /* Assets.xcassets */,
				4814BDB61DFBDA1B00C8AC5B /* LaunchScreen.storyboard */,
				4814BDB91DFBDA1B00C8AC5B /* Info.plist */,
			);
			path = YSB;
			sourceTree = "<group>";
		};
/* End PBXGroup section */

/* Begin PBXNativeTarget section */
		4814BDA91DFBDA1B00C8AC5B /* YSB */ = {
			isa = PBXNativeTarget;
			buildConfigurationList = 4814BDBC1DFBDA1B00C8AC5B /* Build configuration list for PBXNativeTarget "YSB" */;
			buildPhases = (
				4814BDA61DFBDA1B00C8AC5B /* Sources */,
				4814BDA71DFBDA1B00C8AC5B /* Frameworks */,
				4814BDA81DFBDA1B00C8AC5B /* Resources */,
			);
			buildRules = (
			);
			dependencies = (
			);
			name = YSB;
			productName = YSB;
			productReference = 4814BDAA1DFBDA1B00C8AC5B /* YSB.app */;
			productType = "com.apple.product-type.application";
		};
/* End PBXNativeTarget section */

/* Begin PBXProject section */
		4814BDA21DFBDA1B00C8AC5B /* Project object */ = {
			isa = PBXProject;
			attributes = {
				LastSwiftUpdateCheck = 0810;
				LastUpgradeCheck = 0810;
				ORGANIZATIONNAME = Ari;
				TargetAttributes = {
					4814BDA91DFBDA1B00C8AC5B = {
						CreatedOnToolsVersion = 8.1;
						DevelopmentTeam = V74RLAH25H;
						ProvisioningStyle = Automatic;
					};
				};
			};
			buildConfigurationList = 4814BDA51DFBDA1B00C8AC5B /* Build configuration list for PBXProject "YSB" */;
			compatibilityVersion = "Xcode 3.2";
			developmentRegion = English;
			hasScannedForEncodings = 0;
			knownRegions = (
				en,
				Base,
			);
			mainGroup = 4814BDA11DFBDA1B00C8AC5B;
			productRefGroup = 4814BDAB1DFBDA1B00C8AC5B /* Products */;
			projectDirPath = "";
			projectRoot = "";
			targets = (
				4814BDA91DFBDA1B00C8AC5B /* YSB */,
			);
		};
/* End PBXProject section */

/* Begin PBXResourcesBuildPhase section */
		4814BDA81DFBDA1B00C8AC5B /* Resources */ = {
			isa = PBXResourcesBuildPhase;
			buildActionMask = 2147483647;
			files = (
				48AC192D1DFBDBCB00C9E554 /* IMG_1543.JPG in Resources */,
				4814BDB81DFBDA1B00C8AC5B /* LaunchScreen.storyboard in Resources */,
				4814BDB51DFBDA1B00C8AC5B /* Assets.xcassets in Resources */,
				4814BDB31DFBDA1B00C8AC5B /* Main.storyboard in Resources */,
			);
			runOnlyForDeploymentPostprocessing = 0;
		};
/* End PBXResourcesBuildPhase section */

/* Begin PBXSourcesBuildPhase section */
		4814BDA61DFBDA1B00C8AC5B /* Sources */ = {
			isa = PBXSourcesBuildPhase;
			buildActionMask = 2147483647;
			files = (
				4814BDB01DFBDA1B00C8AC5B /* ViewController.swift in Sources */,
				4814BDAE1DFBDA1B00C8AC5B /* AppDelegate.swift in Sources */,
				48AC192F1DFBDC2C00C9E554 /* SBView.swift in Sources */,
			);
			runOnlyForDeploymentPostprocessing = 0;
		};
/* End PBXSourcesBuildPhase section */

/* Begin PBXVariantGroup section */
		4814BDB11DFBDA1B00C8AC5B /* Main.storyboard */ = {
			isa = PBXVariantGroup;
			children = (
				4814BDB21DFBDA1B00C8AC5B /* Base */,
			);
			name = Main.storyboard;
			sourceTree = "<group>";
		};
		4814BDB61DFBDA1B00C8AC5B /* LaunchScreen.storyboard */ = {
			isa = PBXVariantGroup;
			children = (
				4814BDB71DFBDA1B00C8AC5B /* Base */,
			);
			name = LaunchScreen.storyboard;
			sourceTree = "<group>";
		};
/* End PBXVariantGroup section */

/* Begin XCBuildConfiguration section */
		4814BDBA1DFBDA1B00C8AC5B /* Debug */ = {
			isa = XCBuildConfiguration;
			buildSettings = {
				ALWAYS_SEARCH_USER_PATHS = NO;
				CLANG_ANALYZER_NONNULL = YES;
				CLANG_CXX_LANGUAGE_STANDARD = "gnu++0x";
				CLANG_CXX_LIBRARY = "libc++";
				CLANG_ENABLE_MODULES = YES;
				CLANG_ENABLE_OBJC_ARC = YES;
				CLANG_WARN_BOOL_CONVERSION = YES;
				CLANG_WARN_CONSTANT_CONVERSION = YES;
				CLANG_WARN_DIRECT_OBJC_ISA_USAGE = YES_ERROR;
				CLANG_WARN_DOCUMENTATION_COMMENTS = YES;
				CLANG_WARN_EMPTY_BODY = YES;
				CLANG_WARN_ENUM_CONVERSION = YES;
				CLANG_WARN_INFINITE_RECURSION = YES;
				CLANG_WARN_INT_CONVERSION = YES;
				CLANG_WARN_OBJC_ROOT_CLASS = YES_ERROR;
				CLANG_WARN_SUSPICIOUS_MOVES = YES;
				CLANG_WARN_UNREACHABLE_CODE = YES;
				CLANG_WARN__DUPLICATE_METHOD_MATCH = YES;
				"CODE_SIGN_IDENTITY[sdk=iphoneos*]" = "iPhone Developer";
				COPY_PHASE_STRIP = NO;
				DEBUG_INFORMATION_FORMAT = dwarf;
				ENABLE_STRICT_OBJC_MSGSEND = YES;
				ENABLE_TESTABILITY = YES;
				GCC_C_LANGUAGE_STANDARD = gnu99;
				GCC_DYNAMIC_NO_PIC = NO;
				GCC_NO_COMMON_BLOCKS = YES;
				GCC_OPTIMIZATION_LEVEL = 0;
				GCC_PREPROCESSOR_DEFINITIONS = (
					"DEBUG=1",
					"$(inherited)",
				);
				GCC_WARN_64_TO_32_BIT_CONVERSION = YES;
				GCC_WARN_ABOUT_RETURN_TYPE = YES_ERROR;
				GCC_WARN_UNDECLARED_SELECTOR = YES;
				GCC_WARN_UNINITIALIZED_AUTOS = YES_AGGRESSIVE;
				GCC_WARN_UNUSED_FUNCTION = YES;
				GCC_WARN_UNUSED_VARIABLE = YES;
				IPHONEOS_DEPLOYMENT_TARGET = 10.1;
				MTL_ENABLE_DEBUG_INFO = YES;
				ONLY_ACTIVE_ARCH = YES;
				SDKROOT = iphoneos;
				SWIFT_ACTIVE_COMPILATION_CONDITIONS = DEBUG;
				SWIFT_OPTIMIZATION_LEVEL = "-Onone";
			};
			name = Debug;
		};
		4814BDBB1DFBDA1B00C8AC5B /* Release */ = {
			isa = XCBuildConfiguration;
			buildSettings = {
				ALWAYS_SEARCH_USER_PATHS = NO;
				CLANG_ANALYZER_NONNULL = YES;
				CLANG_CXX_LANGUAGE_STANDARD = "gnu++0x";
				CLANG_CXX_LIBRARY = "libc++";
				CLANG_ENABLE_MODULES = YES;
				CLANG_ENABLE_OBJC_ARC = YES;
				CLANG_WARN_BOOL_CONVERSION = YES;
				CLANG_WARN_CONSTANT_CONVERSION = YES;
				CLANG_WARN_DIRECT_OBJC_ISA_USAGE = YES_ERROR;
				CLANG_WARN_DOCUMENTATION_COMMENTS = YES;
				CLANG_WARN_EMPTY_BODY = YES;
				CLANG_WARN_ENUM_CONVERSION = YES;
				CLANG_WARN_INFINITE_RECURSION = YES;
				CLANG_WARN_INT_CONVERSION = YES;
				CLANG_WARN_OBJC_ROOT_CLASS = YES_ERROR;
				CLANG_WARN_SUSPICIOUS_MOVES = YES;
				CLANG_WARN_UNREACHABLE_CODE = YES;
				CLANG_WARN__DUPLICATE_METHOD_MATCH = YES;
				"CODE_SIGN_IDENTITY[sdk=iphoneos*]" = "iPhone Developer";
				COPY_PHASE_STRIP = NO;
				DEBUG_INFORMATION_FORMAT = "dwarf-with-dsym";
				ENABLE_NS_ASSERTIONS = NO;
				ENABLE_STRICT_OBJC_MSGSEND = YES;
				GCC_C_LANGUAGE_STANDARD = gnu99;
				GCC_NO_COMMON_BLOCKS = YES;
				GCC_WARN_64_TO_32_BIT_CONVERSION = YES;
				GCC_WARN_ABOUT_RETURN_TYPE = YES_ERROR;
				GCC_WARN_UNDECLARED_SELECTOR = YES;
				GCC_WARN_UNINITIALIZED_AUTOS = YES_AGGRESSIVE;
				GCC_WARN_UNUSED_FUNCTION = YES;
				GCC_WARN_UNUSED_VARIABLE = YES;
				IPHONEOS_DEPLOYMENT_TARGET = 10.1;
				MTL_ENABLE_DEBUG_INFO = NO;
				SDKROOT = iphoneos;
				SWIFT_OPTIMIZATION_LEVEL = "-Owholemodule";
				VALIDATE_PRODUCT = YES;
			};
			name = Release;
		};
		4814BDBD1DFBDA1B00C8AC5B /* Debug */ = {
			isa = XCBuildConfiguration;
			buildSettings = {
				ASSETCATALOG_COMPILER_APPICON_NAME = AppIcon;
				DEVELOPMENT_TEAM = V74RLAH25H;
				INFOPLIST_FILE = YSB/Info.plist;
				LD_RUNPATH_SEARCH_PATHS = "$(inherited) @executable_path/Frameworks";
				PRODUCT_BUNDLE_IDENTIFIER = Ari.YSB;
				PRODUCT_NAME = "$(TARGET_NAME)";
				SWIFT_VERSION = 3.0;
			};
			name = Debug;
		};
		4814BDBE1DFBDA1B00C8AC5B /* Release */ = {
			isa = XCBuildConfiguration;
			buildSettings = {
				ASSETCATALOG_COMPILER_APPICON_NAME = AppIcon;
				DEVELOPMENT_TEAM = V74RLAH25H;
				INFOPLIST_FILE = YSB/Info.plist;
				LD_RUNPATH_SEARCH_PATHS = "$(inherited) @executable_path/Frameworks";
				PRODUCT_BUNDLE_IDENTIFIER = Ari.YSB;
				PRODUCT_NAME = "$(TARGET_NAME)";
				SWIFT_VERSION = 3.0;
			};
			name = Release;
		};
/* End XCBuildConfiguration section */

/* Begin XCConfigurationList section */
		4814BDA51DFBDA1B00C8AC5B /* Build configuration list for PBXProject "YSB" */ = {
			isa = XCConfigurationList;
			buildConfigurations = (
				4814BDBA1DFBDA1B00C8AC5B /* Debug */,
				4814BDBB1DFBDA1B00C8AC5B /* Release */,
			);
			defaultConfigurationIsVisible = 0;
			defaultConfigurationName = Release;
		};
		4814BDBC1DFBDA1B00C8AC5B /* Build configuration list for PBXNativeTarget "YSB" */ = {
			isa = XCConfigurationList;
			buildConfigurations = (
				4814BDBD1DFBDA1B00C8AC5B /* Debug */,
				4814BDBE1DFBDA1B00C8AC5B /* Release */,
			);
			defaultConfigurationIsVisible = 0;
			defaultConfigurationName = Release;
		};
/* End XCConfigurationList section */
	};
	rootObject = 4814BDA21DFBDA1B00C8AC5B /* Project object */;
}
